
Microsoft Visual Studio Solution File, Format Version 12.00
# Visual Studio Version 16
VisualStudioVersion = 16.0.28922.388
MinimumVisualStudioVersion = 10.0.40219.1
Project("{FAE04EC0-301F-11D3-BF4B-00C04F79EFBC}") = "dtest3", "dtest3\dtest3.csproj", "{EF7F649B-8988-415F-AF59-DE314B7E01A9}"
EndProject
Global
	GlobalSection(SolutionConfigurationPlatforms) = preSolution
		Debug|Any CPU = Debug|Any CPU
		Release|Any CPU = Release|Any CPU
	EndGlobalSection
	GlobalSection(ProjectConfigurationPlatforms) = postSolution
		{EF7F649B-8988-415F-AF59-DE314B7E01A9}.Debug|Any CPU.ActiveCfg = Debug|Any CPU
		{EF7F649B-8988-415F-AF59-DE314B7E01A9}.Debug|Any CPU.Build.0 = Debug|Any CPU
		{EF7F649B-8988-415F-AF59-DE314B7E01A9}.Release|Any CPU.ActiveCfg = Release|Any CPU
		{EF7F649B-8988-415F-AF59-DE314B7E01A9}.Release|Any CPU.Build.0 = Release|Any CPU
	EndGlobalSection
	GlobalSection(SolutionProperties) = preSolution
		HideSolutionNode = FALSE
	EndGlobalSection
	GlobalSection(ExtensibilityGlobals) = postSolution
		SolutionGuid = {85A515FF-EAB2-4A50-9FE7-59E5506189C1}
	EndGlobalSection
EndGlobal
