
Microsoft Visual Studio Solution File, Format Version 12.00
# Visual Studio Version 16
VisualStudioVersion = 16.0.28922.388
MinimumVisualStudioVersion = 10.0.40219.1
Project("{FAE04EC0-301F-11D3-BF4B-00C04F79EFBC}") = "dockerTest2", "dockerTest2\dockerTest2.csproj", "{020BFEE5-72FC-44FB-85A1-BEE9D66144F7}"
EndProject
Global
	GlobalSection(SolutionConfigurationPlatforms) = preSolution
		Debug|Any CPU = Debug|Any CPU
		Release|Any CPU = Release|Any CPU
	EndGlobalSection
	GlobalSection(ProjectConfigurationPlatforms) = postSolution
		{020BFEE5-72FC-44FB-85A1-BEE9D66144F7}.Debug|Any CPU.ActiveCfg = Debug|Any CPU
		{020BFEE5-72FC-44FB-85A1-BEE9D66144F7}.Debug|Any CPU.Build.0 = Debug|Any CPU
		{020BFEE5-72FC-44FB-85A1-BEE9D66144F7}.Release|Any CPU.ActiveCfg = Release|Any CPU
		{020BFEE5-72FC-44FB-85A1-BEE9D66144F7}.Release|Any CPU.Build.0 = Release|Any CPU
	EndGlobalSection
	GlobalSection(SolutionProperties) = preSolution
		HideSolutionNode = FALSE
	EndGlobalSection
	GlobalSection(ExtensibilityGlobals) = postSolution
		SolutionGuid = {96CEE85A-8FA8-4C9B-B517-883B6DDAD70E}
	EndGlobalSection
EndGlobal
