
Microsoft Visual Studio Solution File, Format Version 12.00
# Visual Studio Version 16
VisualStudioVersion = 16.0.28922.388
MinimumVisualStudioVersion = 10.0.40219.1
Project("{FAE04EC0-301F-11D3-BF4B-00C04F79EFBC}") = "WebApp", "WebApp\WebApp.csproj", "{6B330C6C-B4A0-4051-8F52-9495BAD577BC}"
EndProject
Global
	GlobalSection(SolutionConfigurationPlatforms) = preSolution
		Debug|Any CPU = Debug|Any CPU
		Release|Any CPU = Release|Any CPU
	EndGlobalSection
	GlobalSection(ProjectConfigurationPlatforms) = postSolution
		{6B330C6C-B4A0-4051-8F52-9495BAD577BC}.Debug|Any CPU.ActiveCfg = Debug|Any CPU
		{6B330C6C-B4A0-4051-8F52-9495BAD577BC}.Debug|Any CPU.Build.0 = Debug|Any CPU
		{6B330C6C-B4A0-4051-8F52-9495BAD577BC}.Release|Any CPU.ActiveCfg = Release|Any CPU
		{6B330C6C-B4A0-4051-8F52-9495BAD577BC}.Release|Any CPU.Build.0 = Release|Any CPU
	EndGlobalSection
	GlobalSection(SolutionProperties) = preSolution
		HideSolutionNode = FALSE
	EndGlobalSection
	GlobalSection(ExtensibilityGlobals) = postSolution
		SolutionGuid = {A51B3088-A132-4AFE-AD70-F3AF1AEB1C2D}
	EndGlobalSection
EndGlobal
